dependencies:
  idf:
    source:
      type: idf
    version: 5.5.3
  joltwallet/littlefs:
    component_hash: 29eff7921c4e8bce021aeb7fff2723bfcafed661756de700646ea0f6223c2a32
    dependencies:
    - name: idf
      require: private
      version: '>=5.0'
    source:
      registry_url: https://components.espressif.com/
      type: service
    version: 1.21.1
direct_dependencies:
- joltwallet/littlefs
manifest_hash: e8c9a3674de28ba0b5e08391cbb776ff0ad5290ff9aad3a165ff77f2a1389e1c
target: esp32s3
version: 2.0.0
